
Microsoft Visual Studio Solution File, Format Version 12.00
# Visual Studio 14
VisualStudioVersion = 14.0.24720.0
MinimumVisualStudioVersion = 10.0.40219.1
Project("{FAE04EC0-301F-11D3-BF4B-00C04F79EFBC}") = "CustomerMaintenanceProject", "CustomerMaintenanceProject\CustomerMaintenanceProject.csproj", "{B91FAEAB-16D2-4837-B649-7C78C4713C8C}"
EndProject
Project("{00D1A9C2-B5F0-4AF3-8072-F6C62B433612}") = "CustomerMaintenanceSystemDatabase", "CustomerMaintenanceSystemDatabase\CustomerMaintenanceSystemDatabase.sqlproj", "{3E22D196-969B-45A8-BD5F-6C7DA4628F4B}"
EndProject
Global
	GlobalSection(SolutionConfigurationPlatforms) = preSolution
		Debug|Any CPU = Debug|Any CPU
		Release|Any CPU = Release|Any CPU
	EndGlobalSection
	GlobalSection(ProjectConfigurationPlatforms) = postSolution
		{B91FAEAB-16D2-4837-B649-7C78C4713C8C}.Debug|Any CPU.ActiveCfg = Debug|Any CPU
		{B91FAEAB-16D2-4837-B649-7C78C4713C8C}.Debug|Any CPU.Build.0 = Debug|Any CPU
		{B91FAEAB-16D2-4837-B649-7C78C4713C8C}.Release|Any CPU.ActiveCfg = Release|Any CPU
		{B91FAEAB-16D2-4837-B649-7C78C4713C8C}.Release|Any CPU.Build.0 = Release|Any CPU
		{3E22D196-969B-45A8-BD5F-6C7DA4628F4B}.Debug|Any CPU.ActiveCfg = Debug|Any CPU
		{3E22D196-969B-45A8-BD5F-6C7DA4628F4B}.Debug|Any CPU.Build.0 = Debug|Any CPU
		{3E22D196-969B-45A8-BD5F-6C7DA4628F4B}.Debug|Any CPU.Deploy.0 = Debug|Any CPU
		{3E22D196-969B-45A8-BD5F-6C7DA4628F4B}.Release|Any CPU.ActiveCfg = Release|Any CPU
		{3E22D196-969B-45A8-BD5F-6C7DA4628F4B}.Release|Any CPU.Build.0 = Release|Any CPU
		{3E22D196-969B-45A8-BD5F-6C7DA4628F4B}.Release|Any CPU.Deploy.0 = Release|Any CPU
	EndGlobalSection
	GlobalSection(SolutionProperties) = preSolution
		HideSolutionNode = FALSE
	EndGlobalSection
EndGlobal
